
Microsoft Visual Studio Solution File, Format Version 12.00
# Visual Studio Version 17
VisualStudioVersion = 17.11.35312.102
MinimumVisualStudioVersion = 10.0.40219.1
Project("{FAE04EC0-301F-11D3-BF4B-00C04F79EFBC}") = "Krisha1_Assignment", "Krisha1_Assignment\Krisha1_Assignment.csproj", "{80FBCAD9-0FB4-4112-8C98-C9DAD486818A}"
EndProject
Global
	GlobalSection(SolutionConfigurationPlatforms) = preSolution
		Debug|Any CPU = Debug|Any CPU
		Release|Any CPU = Release|Any CPU
	EndGlobalSection
	GlobalSection(ProjectConfigurationPlatforms) = postSolution
		{80FBCAD9-0FB4-4112-8C98-C9DAD486818A}.Debug|Any CPU.ActiveCfg = Debug|Any CPU
		{80FBCAD9-0FB4-4112-8C98-C9DAD486818A}.Debug|Any CPU.Build.0 = Debug|Any CPU
		{80FBCAD9-0FB4-4112-8C98-C9DAD486818A}.Release|Any CPU.ActiveCfg = Release|Any CPU
		{80FBCAD9-0FB4-4112-8C98-C9DAD486818A}.Release|Any CPU.Build.0 = Release|Any CPU
	EndGlobalSection
	GlobalSection(SolutionProperties) = preSolution
		HideSolutionNode = FALSE
	EndGlobalSection
	GlobalSection(ExtensibilityGlobals) = postSolution
		SolutionGuid = {356340DB-C418-4D35-8918-7B1393590FA3}
	EndGlobalSection
EndGlobal
